
Microsoft Visual Studio Solution File, Format Version 12.00
# Visual Studio Version 17
VisualStudioVersion = 17.5.33424.131
MinimumVisualStudioVersion = 10.0.40219.1
Project("{2150E333-8FDC-42A3-9474-1A3956D46DE8}") = "docs", "docs", "{C83BB5B3-50BB-4031-ADA3-3AE6229FD986}"
	ProjectSection(SolutionItems) = preProject
		README.md = README.md
	EndProjectSection
EndProject
Project("{2150E333-8FDC-42A3-9474-1A3956D46DE8}") = "src", "src", "{818AF4E6-FC1F-46E4-AFFC-056EDD126119}"
EndProject
Project("{2150E333-8FDC-42A3-9474-1A3956D46DE8}") = "test", "test", "{BD4FA3B2-ECC2-487E-8796-2C2DA55B82CE}"
EndProject
Project("{2150E333-8FDC-42A3-9474-1A3956D46DE8}") = "API", "API", "{15D65A7D-7A89-4FA3-95BF-A567EF7C0A7C}"
EndProject
Project("{2150E333-8FDC-42A3-9474-1A3956D46DE8}") = "Infrastructure", "Infrastructure", "{AE73C37B-5FA1-4417-AD34-477A6AFBE315}"
EndProject
Project("{2150E333-8FDC-42A3-9474-1A3956D46DE8}") = "Domain", "Domain", "{D78E6CA3-F089-48B0-AA33-A2F501484E4A}"
EndProject
Project("{2150E333-8FDC-42A3-9474-1A3956D46DE8}") = "Application", "Application", "{E28C2E3D-63F0-43E2-A9A8-900664088B87}"
EndProject
Project("{2150E333-8FDC-42A3-9474-1A3956D46DE8}") = "WebUI", "WebUI", "{92287A35-9B6B-4CC0-8DD6-55C2890BA905}"
EndProject
Project("{9A19103F-16F7-4668-BE54-9A1E7A4F7556}") = "VehicleRegistry.DAL", "VehicleRegistry.DAL\VehicleRegistry.DAL.csproj", "{6B7FA813-94E9-4AA3-8980-93800628D89D}"
EndProject
Project("{9A19103F-16F7-4668-BE54-9A1E7A4F7556}") = "VehicleRegistry.WebAPI", "VehicleRegistry.WebAPI\VehicleRegistry.WebAPI.csproj", "{62AB745D-993D-4978-8C8F-8ACAA100B146}"
EndProject
Project("{9A19103F-16F7-4668-BE54-9A1E7A4F7556}") = "VehicleRegistry.Application", "VehicleRegistry.Application\VehicleRegistry.Application.csproj", "{6B95A4A5-6B38-4E90-8300-AE9FE4590EA2}"
EndProject
Project("{9A19103F-16F7-4668-BE54-9A1E7A4F7556}") = "VehicleRegistry.Core", "VehicleRegistry.Domain\VehicleRegistry.Core.csproj", "{ED3D1A17-A705-4387-8993-D4CD8CD39E14}"
EndProject
Project("{9A19103F-16F7-4668-BE54-9A1E7A4F7556}") = "VehicleRegistry.Application.UnitTest", "VehicleRegistry.Application.UnitTest\VehicleRegistry.Application.UnitTest.csproj", "{48AA51CD-C0B8-4896-A98A-0DD95081A45D}"
EndProject
Project("{9A19103F-16F7-4668-BE54-9A1E7A4F7556}") = "VehicleRegistry.Application.IntegrationTest", "VehicleRegistry.Application.IntegrationTest\VehicleRegistry.Application.IntegrationTest.csproj", "{0A26C6B5-FB99-4C82-B455-585F7B744C4C}"
EndProject
Project("{9A19103F-16F7-4668-BE54-9A1E7A4F7556}") = "VehicleRegistry.Blazor", "VehicleRegistry.Blazor\VehicleRegistry.Blazor.csproj", "{9DF0F7E9-3C34-4F11-9E6D-E93C8416DBE0}"
EndProject
Global
	GlobalSection(SolutionConfigurationPlatforms) = preSolution
		Debug|Any CPU = Debug|Any CPU
		Release|Any CPU = Release|Any CPU
	EndGlobalSection
	GlobalSection(ProjectConfigurationPlatforms) = postSolution
		{6B7FA813-94E9-4AA3-8980-93800628D89D}.Debug|Any CPU.ActiveCfg = Debug|Any CPU
		{6B7FA813-94E9-4AA3-8980-93800628D89D}.Debug|Any CPU.Build.0 = Debug|Any CPU
		{6B7FA813-94E9-4AA3-8980-93800628D89D}.Release|Any CPU.ActiveCfg = Release|Any CPU
		{6B7FA813-94E9-4AA3-8980-93800628D89D}.Release|Any CPU.Build.0 = Release|Any CPU
		{62AB745D-993D-4978-8C8F-8ACAA100B146}.Debug|Any CPU.ActiveCfg = Debug|Any CPU
		{62AB745D-993D-4978-8C8F-8ACAA100B146}.Debug|Any CPU.Build.0 = Debug|Any CPU
		{62AB745D-993D-4978-8C8F-8ACAA100B146}.Release|Any CPU.ActiveCfg = Release|Any CPU
		{62AB745D-993D-4978-8C8F-8ACAA100B146}.Release|Any CPU.Build.0 = Release|Any CPU
		{6B95A4A5-6B38-4E90-8300-AE9FE4590EA2}.Debug|Any CPU.ActiveCfg = Debug|Any CPU
		{6B95A4A5-6B38-4E90-8300-AE9FE4590EA2}.Debug|Any CPU.Build.0 = Debug|Any CPU
		{6B95A4A5-6B38-4E90-8300-AE9FE4590EA2}.Release|Any CPU.ActiveCfg = Release|Any CPU
		{6B95A4A5-6B38-4E90-8300-AE9FE4590EA2}.Release|Any CPU.Build.0 = Release|Any CPU
		{ED3D1A17-A705-4387-8993-D4CD8CD39E14}.Debug|Any CPU.ActiveCfg = Debug|Any CPU
		{ED3D1A17-A705-4387-8993-D4CD8CD39E14}.Debug|Any CPU.Build.0 = Debug|Any CPU
		{ED3D1A17-A705-4387-8993-D4CD8CD39E14}.Release|Any CPU.ActiveCfg = Release|Any CPU
		{ED3D1A17-A705-4387-8993-D4CD8CD39E14}.Release|Any CPU.Build.0 = Release|Any CPU
		{48AA51CD-C0B8-4896-A98A-0DD95081A45D}.Debug|Any CPU.ActiveCfg = Debug|Any CPU
		{48AA51CD-C0B8-4896-A98A-0DD95081A45D}.Debug|Any CPU.Build.0 = Debug|Any CPU
		{48AA51CD-C0B8-4896-A98A-0DD95081A45D}.Release|Any CPU.ActiveCfg = Release|Any CPU
		{48AA51CD-C0B8-4896-A98A-0DD95081A45D}.Release|Any CPU.Build.0 = Release|Any CPU
		{0A26C6B5-FB99-4C82-B455-585F7B744C4C}.Debug|Any CPU.ActiveCfg = Debug|Any CPU
		{0A26C6B5-FB99-4C82-B455-585F7B744C4C}.Debug|Any CPU.Build.0 = Debug|Any CPU
		{0A26C6B5-FB99-4C82-B455-585F7B744C4C}.Release|Any CPU.ActiveCfg = Release|Any CPU
		{0A26C6B5-FB99-4C82-B455-585F7B744C4C}.Release|Any CPU.Build.0 = Release|Any CPU
		{9DF0F7E9-3C34-4F11-9E6D-E93C8416DBE0}.Debug|Any CPU.ActiveCfg = Debug|Any CPU
		{9DF0F7E9-3C34-4F11-9E6D-E93C8416DBE0}.Debug|Any CPU.Build.0 = Debug|Any CPU
		{9DF0F7E9-3C34-4F11-9E6D-E93C8416DBE0}.Release|Any CPU.ActiveCfg = Release|Any CPU
		{9DF0F7E9-3C34-4F11-9E6D-E93C8416DBE0}.Release|Any CPU.Build.0 = Release|Any CPU
	EndGlobalSection
	GlobalSection(SolutionProperties) = preSolution
		HideSolutionNode = FALSE
	EndGlobalSection
	GlobalSection(NestedProjects) = preSolution
		{15D65A7D-7A89-4FA3-95BF-A567EF7C0A7C} = {818AF4E6-FC1F-46E4-AFFC-056EDD126119}
		{AE73C37B-5FA1-4417-AD34-477A6AFBE315} = {818AF4E6-FC1F-46E4-AFFC-056EDD126119}
		{D78E6CA3-F089-48B0-AA33-A2F501484E4A} = {818AF4E6-FC1F-46E4-AFFC-056EDD126119}
		{E28C2E3D-63F0-43E2-A9A8-900664088B87} = {818AF4E6-FC1F-46E4-AFFC-056EDD126119}
		{92287A35-9B6B-4CC0-8DD6-55C2890BA905} = {818AF4E6-FC1F-46E4-AFFC-056EDD126119}
		{6B7FA813-94E9-4AA3-8980-93800628D89D} = {AE73C37B-5FA1-4417-AD34-477A6AFBE315}
		{62AB745D-993D-4978-8C8F-8ACAA100B146} = {15D65A7D-7A89-4FA3-95BF-A567EF7C0A7C}
		{6B95A4A5-6B38-4E90-8300-AE9FE4590EA2} = {E28C2E3D-63F0-43E2-A9A8-900664088B87}
		{ED3D1A17-A705-4387-8993-D4CD8CD39E14} = {D78E6CA3-F089-48B0-AA33-A2F501484E4A}
		{48AA51CD-C0B8-4896-A98A-0DD95081A45D} = {BD4FA3B2-ECC2-487E-8796-2C2DA55B82CE}
		{0A26C6B5-FB99-4C82-B455-585F7B744C4C} = {BD4FA3B2-ECC2-487E-8796-2C2DA55B82CE}
		{9DF0F7E9-3C34-4F11-9E6D-E93C8416DBE0} = {92287A35-9B6B-4CC0-8DD6-55C2890BA905}
	EndGlobalSection
	GlobalSection(ExtensibilityGlobals) = postSolution
		SolutionGuid = {5EA5FBE3-055A-4856-8317-63F3D89C7E4A}
	EndGlobalSection
EndGlobal
